
Microsoft Visual Studio Solution File, Format Version 12.00
# Visual Studio Version 17
VisualStudioVersion = 17.3.32825.248
MinimumVisualStudioVersion = 10.0.40219.1
Project("{FAE04EC0-301F-11D3-BF4B-00C04F79EFBC}") = "CShapeConsole", "CShapeConsole.csproj", "{187C0827-EED5-4F1C-AD24-AB4EBFBF94FF}"
EndProject
Global
	GlobalSection(SolutionConfigurationPlatforms) = preSolution
		Debug|Any CPU = Debug|Any CPU
		Release|Any CPU = Release|Any CPU
	EndGlobalSection
	GlobalSection(ProjectConfigurationPlatforms) = postSolution
		{187C0827-EED5-4F1C-AD24-AB4EBFBF94FF}.Debug|Any CPU.ActiveCfg = Debug|Any CPU
		{187C0827-EED5-4F1C-AD24-AB4EBFBF94FF}.Debug|Any CPU.Build.0 = Debug|Any CPU
		{187C0827-EED5-4F1C-AD24-AB4EBFBF94FF}.Release|Any CPU.ActiveCfg = Release|Any CPU
		{187C0827-EED5-4F1C-AD24-AB4EBFBF94FF}.Release|Any CPU.Build.0 = Release|Any CPU
	EndGlobalSection
	GlobalSection(SolutionProperties) = preSolution
		HideSolutionNode = FALSE
	EndGlobalSection
	GlobalSection(ExtensibilityGlobals) = postSolution
		SolutionGuid = {79F57947-85DB-42EF-A1D6-4F2A54557816}
	EndGlobalSection
EndGlobal
